// !$*UTF8*$!
{
	archiveVersion = 1;
	classes = {
	};
	objectVersion = 56;
	objects = {

/* Begin PBXBuildFile section */
		042A551628FDAAF100792CF6 /* AppDelegate.swift in Sources */ = {isa = PBXBuildFile; fileRef = 042A551528FDAAF100792CF6 /* AppDelegate.swift */; };
		042A551828FDAAF100792CF6 /* SceneDelegate.swift in Sources */ = {isa = PBXBuildFile; fileRef = 042A551728FDAAF100792CF6 /* SceneDelegate.swift */; };
		042A551A28FDAAF100792CF6 /* ViewController.swift in Sources */ = {isa = PBXBuildFile; fileRef = 042A551928FDAAF100792CF6 /* ViewController.swift */; };
		042A551D28FDAAF100792CF6 /* Main.storyboard in Resources */ = {isa = PBXBuildFile; fileRef = 042A551B28FDAAF100792CF6 /* Main.storyboard */; };
		042A551F28FDAAF300792CF6 /* Assets.xcassets in Resources */ = {isa = PBXBuildFile; fileRef = 042A551E28FDAAF300792CF6 /* Assets.xcassets */; };
		042A552228FDAAF300792CF6 /* LaunchScreen.storyboard in Resources */ = {isa = PBXBuildFile; fileRef = 042A552028FDAAF300792CF6 /* LaunchScreen.storyboard */; };
		042A554B28FDD82200792CF6 /* HomeViewController.swift in Sources */ = {isa = PBXBuildFile; fileRef = 042A554A28FDD82200792CF6 /* HomeViewController.swift */; };
		042A554E28FDEB8900792CF6 /* StoriesTableViewCell.swift in Sources */ = {isa = PBXBuildFile; fileRef = 042A554D28FDEB8900792CF6 /* StoriesTableViewCell.swift */; };
		043DADA628FF343C009D4447 /* PostTableViewCell.swift in Sources */ = {isa = PBXBuildFile; fileRef = 043DADA528FF343C009D4447 /* PostTableViewCell.swift */; };
		043DADA828FF43DA009D4447 /* RecomendationTableViewCell.swift in Sources */ = {isa = PBXBuildFile; fileRef = 043DADA728FF43DA009D4447 /* RecomendationTableViewCell.swift */; };
		0455405A2900557700FFBFBB /* PostModel.swift in Sources */ = {isa = PBXBuildFile; fileRef = 045540592900557700FFBFBB /* PostModel.swift */; };
/* End PBXBuildFile section */

/* Begin PBXFileReference section */
		042A551228FDAAF100792CF6 /* RoadMap_Instagram.app */ = {isa = PBXFileReference; explicitFileType = wrapper.application; includeInIndex = 0; path = RoadMap_Instagram.app; sourceTree = BUILT_PRODUCTS_DIR; };
		042A551528FDAAF100792CF6 /* AppDelegate.swift */ = {isa = PBXFileReference; lastKnownFileType = sourcecode.swift; path = AppDelegate.swift; sourceTree = "<group>"; };
		042A551728FDAAF100792CF6 /* SceneDelegate.swift */ = {isa = PBXFileReference; lastKnownFileType = sourcecode.swift; path = SceneDelegate.swift; sourceTree = "<group>"; };
		042A551928FDAAF100792CF6 /* ViewController.swift */ = {isa = PBXFileReference; lastKnownFileType = sourcecode.swift; path = ViewController.swift; sourceTree = "<group>"; };
		042A551C28FDAAF100792CF6 /* Base */ = {isa = PBXFileReference; lastKnownFileType = file.storyboard; name = Base; path = Base.lproj/Main.storyboard; sourceTree = "<group>"; };
		042A551E28FDAAF300792CF6 /* Assets.xcassets */ = {isa = PBXFileReference; lastKnownFileType = folder.assetcatalog; path = Assets.xcassets; sourceTree = "<group>"; };
		042A552128FDAAF300792CF6 /* Base */ = {isa = PBXFileReference; lastKnownFileType = file.storyboard; name = Base; path = Base.lproj/LaunchScreen.storyboard; sourceTree = "<group>"; };
		042A552328FDAAF300792CF6 /* Info.plist */ = {isa = PBXFileReference; lastKnownFileType = text.plist.xml; path = Info.plist; sourceTree = "<group>"; };
		042A554A28FDD82200792CF6 /* HomeViewController.swift */ = {isa = PBXFileReference; lastKnownFileType = sourcecode.swift; path = HomeViewController.swift; sourceTree = "<group>"; };
		042A554D28FDEB8900792CF6 /* StoriesTableViewCell.swift */ = {isa = PBXFileReference; lastKnownFileType = sourcecode.swift; path = StoriesTableViewCell.swift; sourceTree = "<group>"; };
		043DADA528FF343C009D4447 /* PostTableViewCell.swift */ = {isa = PBXFileReference; lastKnownFileType = sourcecode.swift; path = PostTableViewCell.swift; sourceTree = "<group>"; };
		043DADA728FF43DA009D4447 /* RecomendationTableViewCell.swift */ = {isa = PBXFileReference; lastKnownFileType = sourcecode.swift; path = RecomendationTableViewCell.swift; sourceTree = "<group>"; };
		045540592900557700FFBFBB /* PostModel.swift */ = {isa = PBXFileReference; lastKnownFileType = sourcecode.swift; path = PostModel.swift; sourceTree = "<group>"; };
/* End PBXFileReference section */

/* Begin PBXFrameworksBuildPhase section */
		042A550F28FDAAF100792CF6 /* Frameworks */ = {
			isa = PBXFrameworksBuildPhase;
			buildActionMask = 2147483647;
			files = (
			);
			runOnlyForDeploymentPostprocessing = 0;
		};
/* End PBXFrameworksBuildPhase section */

/* Begin PBXGroup section */
		042A550928FDAAF100792CF6 = {
			isa = PBXGroup;
			children = (
				042A551428FDAAF100792CF6 /* RoadMap_Instagram */,
				042A551328FDAAF100792CF6 /* Products */,
			);
			sourceTree = "<group>";
		};
		042A551328FDAAF100792CF6 /* Products */ = {
			isa = PBXGroup;
			children = (
				042A551228FDAAF100792CF6 /* RoadMap_Instagram.app */,
			);
			name = Products;
			sourceTree = "<group>";
		};
		042A551428FDAAF100792CF6 /* RoadMap_Instagram */ = {
			isa = PBXGroup;
			children = (
				042A551528FDAAF100792CF6 /* AppDelegate.swift */,
				042A551728FDAAF100792CF6 /* SceneDelegate.swift */,
				042A551928FDAAF100792CF6 /* ViewController.swift */,
				042A551B28FDAAF100792CF6 /* Main.storyboard */,
				042A554C28FDEB4200792CF6 /* HomeScreenTable */,
				042A551E28FDAAF300792CF6 /* Assets.xcassets */,
				042A552028FDAAF300792CF6 /* LaunchScreen.storyboard */,
				042A552328FDAAF300792CF6 /* Info.plist */,
				042A554A28FDD82200792CF6 /* HomeViewController.swift */,
				045540592900557700FFBFBB /* PostModel.swift */,
			);
			path = RoadMap_Instagram;
			sourceTree = "<group>";
		};
		042A554C28FDEB4200792CF6 /* HomeScreenTable */ = {
			isa = PBXGroup;
			children = (
				042A554D28FDEB8900792CF6 /* StoriesTableViewCell.swift */,
				043DADA528FF343C009D4447 /* PostTableViewCell.swift */,
				043DADA728FF43DA009D4447 /* RecomendationTableViewCell.swift */,
			);
			path = HomeScreenTable;
			sourceTree = "<group>";
		};
/* End PBXGroup section */

/* Begin PBXNativeTarget section */
		042A551128FDAAF100792CF6 /* RoadMap_Instagram */ = {
			isa = PBXNativeTarget;
			buildConfigurationList = 042A552628FDAAF300792CF6 /* Build configuration list for PBXNativeTarget "RoadMap_Instagram" */;
			buildPhases = (
				042A552928FDAB1A00792CF6 /* SwiftLint */,
				042A550E28FDAAF100792CF6 /* Sources */,
				042A550F28FDAAF100792CF6 /* Frameworks */,
				042A551028FDAAF100792CF6 /* Resources */,
			);
			buildRules = (
			);
			dependencies = (
			);
			name = RoadMap_Instagram;
			productName = RoadMap_Instagram;
			productReference = 042A551228FDAAF100792CF6 /* RoadMap_Instagram.app */;
			productType = "com.apple.product-type.application";
		};
/* End PBXNativeTarget section */

/* Begin PBXProject section */
		042A550A28FDAAF100792CF6 /* Project object */ = {
			isa = PBXProject;
			attributes = {
				BuildIndependentTargetsInParallel = 1;
				LastSwiftUpdateCheck = 1400;
				LastUpgradeCheck = 1400;
				TargetAttributes = {
					042A551128FDAAF100792CF6 = {
						CreatedOnToolsVersion = 14.0.1;
					};
				};
			};
			buildConfigurationList = 042A550D28FDAAF100792CF6 /* Build configuration list for PBXProject "RoadMap_Instagram" */;
			compatibilityVersion = "Xcode 14.0";
			developmentRegion = en;
			hasScannedForEncodings = 0;
			knownRegions = (
				en,
				Base,
			);
			mainGroup = 042A550928FDAAF100792CF6;
			productRefGroup = 042A551328FDAAF100792CF6 /* Products */;
			projectDirPath = "";
			projectRoot = "";
			targets = (
				042A551128FDAAF100792CF6 /* RoadMap_Instagram */,
			);
		};
/* End PBXProject section */

/* Begin PBXResourcesBuildPhase section */
		042A551028FDAAF100792CF6 /* Resources */ = {
			isa = PBXResourcesBuildPhase;
			buildActionMask = 2147483647;
			files = (
				042A552228FDAAF300792CF6 /* LaunchScreen.storyboard in Resources */,
				042A551F28FDAAF300792CF6 /* Assets.xcassets in Resources */,
				042A551D28FDAAF100792CF6 /* Main.storyboard in Resources */,
			);
			runOnlyForDeploymentPostprocessing = 0;
		};
/* End PBXResourcesBuildPhase section */

/* Begin PBXShellScriptBuildPhase section */
		042A552928FDAB1A00792CF6 /* SwiftLint */ = {
			isa = PBXShellScriptBuildPhase;
			buildActionMask = 12;
			files = (
			);
			inputFileListPaths = (
			);
			inputPaths = (
			);
			name = SwiftLint;
			outputFileListPaths = (
			);
			outputPaths = (
			);
			runOnlyForDeploymentPostprocessing = 0;
			shellPath = /bin/sh;
			shellScript = "export PATH=\"$PATH:/opt/homebrew/bin\"\nif which swiftlint > /dev/null; then\n  swiftlint\nelse\n  echo \"warning: SwiftLint not installed, download from https://github.com/realm/SwiftLint\"\nfi\n";
		};
/* End PBXShellScriptBuildPhase section */

/* Begin PBXSourcesBuildPhase section */
		042A550E28FDAAF100792CF6 /* Sources */ = {
			isa = PBXSourcesBuildPhase;
			buildActionMask = 2147483647;
			files = (
				043DADA828FF43DA009D4447 /* RecomendationTableViewCell.swift in Sources */,
				0455405A2900557700FFBFBB /* PostModel.swift in Sources */,
				042A551A28FDAAF100792CF6 /* ViewController.swift in Sources */,
				042A554E28FDEB8900792CF6 /* StoriesTableViewCell.swift in Sources */,
				042A551628FDAAF100792CF6 /* AppDelegate.swift in Sources */,
				042A551828FDAAF100792CF6 /* SceneDelegate.swift in Sources */,
				042A554B28FDD82200792CF6 /* HomeViewController.swift in Sources */,
				043DADA628FF343C009D4447 /* PostTableViewCell.swift in Sources */,
			);
			runOnlyForDeploymentPostprocessing = 0;
		};
/* End PBXSourcesBuildPhase section */

/* Begin PBXVariantGroup section */
		042A551B28FDAAF100792CF6 /* Main.storyboard */ = {
			isa = PBXVariantGroup;
			children = (
				042A551C28FDAAF100792CF6 /* Base */,
			);
			name = Main.storyboard;
			sourceTree = "<group>";
		};
		042A552028FDAAF300792CF6 /* LaunchScreen.storyboard */ = {
			isa = PBXVariantGroup;
			children = (
				042A552128FDAAF300792CF6 /* Base */,
			);
			name = LaunchScreen.storyboard;
			sourceTree = "<group>";
		};
/* End PBXVariantGroup section */

/* Begin XCBuildConfiguration section */
		042A552428FDAAF300792CF6 /* Debug */ = {
			isa = XCBuildConfiguration;
			buildSettings = {
				ALWAYS_SEARCH_USER_PATHS = NO;
				CLANG_ANALYZER_NONNULL = YES;
				CLANG_ANALYZER_NUMBER_OBJECT_CONVERSION = YES_AGGRESSIVE;
				CLANG_CXX_LANGUAGE_STANDARD = "gnu++20";
				CLANG_ENABLE_MODULES = YES;
				CLANG_ENABLE_OBJC_ARC = YES;
				CLANG_ENABLE_OBJC_WEAK = YES;
				CLANG_WARN_BLOCK_CAPTURE_AUTORELEASING = YES;
				CLANG_WARN_BOOL_CONVERSION = YES;
				CLANG_WARN_COMMA = YES;
				CLANG_WARN_CONSTANT_CONVERSION = YES;
				CLANG_WARN_DEPRECATED_OBJC_IMPLEMENTATIONS = YES;
				CLANG_WARN_DIRECT_OBJC_ISA_USAGE = YES_ERROR;
				CLANG_WARN_DOCUMENTATION_COMMENTS = YES;
				CLANG_WARN_EMPTY_BODY = YES;
				CLANG_WARN_ENUM_CONVERSION = YES;
				CLANG_WARN_INFINITE_RECURSION = YES;
				CLANG_WARN_INT_CONVERSION = YES;
				CLANG_WARN_NON_LITERAL_NULL_CONVERSION = YES;
				CLANG_WARN_OBJC_IMPLICIT_RETAIN_SELF = YES;
				CLANG_WARN_OBJC_LITERAL_CONVERSION = YES;
				CLANG_WARN_OBJC_ROOT_CLASS = YES_ERROR;
				CLANG_WARN_QUOTED_INCLUDE_IN_FRAMEWORK_HEADER = YES;
				CLANG_WARN_RANGE_LOOP_ANALYSIS = YES;
				CLANG_WARN_STRICT_PROTOTYPES = YES;
				CLANG_WARN_SUSPICIOUS_MOVE = YES;
				CLANG_WARN_UNGUARDED_AVAILABILITY = YES_AGGRESSIVE;
				CLANG_WARN_UNREACHABLE_CODE = YES;
				CLANG_WARN__DUPLICATE_METHOD_MATCH = YES;
				COPY_PHASE_STRIP = NO;
				DEBUG_INFORMATION_FORMAT = dwarf;
				ENABLE_STRICT_OBJC_MSGSEND = YES;
				ENABLE_TESTABILITY = YES;
				GCC_C_LANGUAGE_STANDARD = gnu11;
				GCC_DYNAMIC_NO_PIC = NO;
				GCC_NO_COMMON_BLOCKS = YES;
				GCC_OPTIMIZATION_LEVEL = 0;
				GCC_PREPROCESSOR_DEFINITIONS = (
					"DEBUG=1",
					"$(inherited)",
				);
				GCC_WARN_64_TO_32_BIT_CONVERSION = YES;
				GCC_WARN_ABOUT_RETURN_TYPE = YES_ERROR;
				GCC_WARN_UNDECLARED_SELECTOR = YES;
				GCC_WARN_UNINITIALIZED_AUTOS = YES_AGGRESSIVE;
				GCC_WARN_UNUSED_FUNCTION = YES;
				GCC_WARN_UNUSED_VARIABLE = YES;
				IPHONEOS_DEPLOYMENT_TARGET = 16.0;
				MTL_ENABLE_DEBUG_INFO = INCLUDE_SOURCE;
				MTL_FAST_MATH = YES;
				ONLY_ACTIVE_ARCH = YES;
				SDKROOT = iphoneos;
				SWIFT_ACTIVE_COMPILATION_CONDITIONS = DEBUG;
				SWIFT_OPTIMIZATION_LEVEL = "-Onone";
			};
			name = Debug;
		};
		042A552528FDAAF300792CF6 /* Release */ = {
			isa = XCBuildConfiguration;
			buildSettings = {
				ALWAYS_SEARCH_USER_PATHS = NO;
				CLANG_ANALYZER_NONNULL = YES;
				CLANG_ANALYZER_NUMBER_OBJECT_CONVERSION = YES_AGGRESSIVE;
				CLANG_CXX_LANGUAGE_STANDARD = "gnu++20";
				CLANG_ENABLE_MODULES = YES;
				CLANG_ENABLE_OBJC_ARC = YES;
				CLANG_ENABLE_OBJC_WEAK = YES;
				CLANG_WARN_BLOCK_CAPTURE_AUTORELEASING = YES;
				CLANG_WARN_BOOL_CONVERSION = YES;
				CLANG_WARN_COMMA = YES;
				CLANG_WARN_CONSTANT_CONVERSION = YES;
				CLANG_WARN_DEPRECATED_OBJC_IMPLEMENTATIONS = YES;
				CLANG_WARN_DIRECT_OBJC_ISA_USAGE = YES_ERROR;
				CLANG_WARN_DOCUMENTATION_COMMENTS = YES;
				CLANG_WARN_EMPTY_BODY = YES;
				CLANG_WARN_ENUM_CONVERSION = YES;
				CLANG_WARN_INFINITE_RECURSION = YES;
				CLANG_WARN_INT_CONVERSION = YES;
				CLANG_WARN_NON_LITERAL_NULL_CONVERSION = YES;
				CLANG_WARN_OBJC_IMPLICIT_RETAIN_SELF = YES;
				CLANG_WARN_OBJC_LITERAL_CONVERSION = YES;
				CLANG_WARN_OBJC_ROOT_CLASS = YES_ERROR;
				CLANG_WARN_QUOTED_INCLUDE_IN_FRAMEWORK_HEADER = YES;
				CLANG_WARN_RANGE_LOOP_ANALYSIS = YES;
				CLANG_WARN_STRICT_PROTOTYPES = YES;
				CLANG_WARN_SUSPICIOUS_MOVE = YES;
				CLANG_WARN_UNGUARDED_AVAILABILITY = YES_AGGRESSIVE;
				CLANG_WARN_UNREACHABLE_CODE = YES;
				CLANG_WARN__DUPLICATE_METHOD_MATCH = YES;
				COPY_PHASE_STRIP = NO;
				DEBUG_INFORMATION_FORMAT = "dwarf-with-dsym";
				ENABLE_NS_ASSERTIONS = NO;
				ENABLE_STRICT_OBJC_MSGSEND = YES;
				GCC_C_LANGUAGE_STANDARD = gnu11;
				GCC_NO_COMMON_BLOCKS = YES;
				GCC_WARN_64_TO_32_BIT_CONVERSION = YES;
				GCC_WARN_ABOUT_RETURN_TYPE = YES_ERROR;
				GCC_WARN_UNDECLARED_SELECTOR = YES;
				GCC_WARN_UNINITIALIZED_AUTOS = YES_AGGRESSIVE;
				GCC_WARN_UNUSED_FUNCTION = YES;
				GCC_WARN_UNUSED_VARIABLE = YES;
				IPHONEOS_DEPLOYMENT_TARGET = 16.0;
				MTL_ENABLE_DEBUG_INFO = NO;
				MTL_FAST_MATH = YES;
				SDKROOT = iphoneos;
				SWIFT_COMPILATION_MODE = wholemodule;
				SWIFT_OPTIMIZATION_LEVEL = "-O";
				VALIDATE_PRODUCT = YES;
			};
			name = Release;
		};
		042A552728FDAAF300792CF6 /* Debug */ = {
			isa = XCBuildConfiguration;
			buildSettings = {
				ASSETCATALOG_COMPILER_APPICON_NAME = AppIcon;
				ASSETCATALOG_COMPILER_GLOBAL_ACCENT_COLOR_NAME = AccentColor;
				CODE_SIGN_STYLE = Automatic;
				CURRENT_PROJECT_VERSION = 1;
				DEVELOPMENT_TEAM = 6X5KZHS6W2;
				GENERATE_INFOPLIST_FILE = YES;
				INFOPLIST_FILE = RoadMap_Instagram/Info.plist;
				INFOPLIST_KEY_UIApplicationSupportsIndirectInputEvents = YES;
				INFOPLIST_KEY_UILaunchStoryboardName = LaunchScreen;
				INFOPLIST_KEY_UIMainStoryboardFile = Main;
				INFOPLIST_KEY_UISupportedInterfaceOrientations_iPad = "UIInterfaceOrientationPortrait UIInterfaceOrientationPortraitUpsideDown UIInterfaceOrientationLandscapeLeft UIInterfaceOrientationLandscapeRight";
				INFOPLIST_KEY_UISupportedInterfaceOrientations_iPhone = "UIInterfaceOrientationPortrait UIInterfaceOrientationLandscapeLeft UIInterfaceOrientationLandscapeRight";
				LD_RUNPATH_SEARCH_PATHS = (
					"$(inherited)",
					"@executable_path/Frameworks",
				);
				MARKETING_VERSION = 1.0;
				PRODUCT_BUNDLE_IDENTIFIER = "Renbern.RoadMap-Instagram";
				PRODUCT_NAME = "$(TARGET_NAME)";
				SWIFT_EMIT_LOC_STRINGS = YES;
				SWIFT_VERSION = 5.0;
				TARGETED_DEVICE_FAMILY = "1,2";
			};
			name = Debug;
		};
		042A552828FDAAF300792CF6 /* Release */ = {
			isa = XCBuildConfiguration;
			buildSettings = {
				ASSETCATALOG_COMPILER_APPICON_NAME = AppIcon;
				ASSETCATALOG_COMPILER_GLOBAL_ACCENT_COLOR_NAME = AccentColor;
				CODE_SIGN_STYLE = Automatic;
				CURRENT_PROJECT_VERSION = 1;
				DEVELOPMENT_TEAM = 6X5KZHS6W2;
				GENERATE_INFOPLIST_FILE = YES;
				INFOPLIST_FILE = RoadMap_Instagram/Info.plist;
				INFOPLIST_KEY_UIApplicationSupportsIndirectInputEvents = YES;
				INFOPLIST_KEY_UILaunchStoryboardName = LaunchScreen;
				INFOPLIST_KEY_UIMainStoryboardFile = Main;
				INFOPLIST_KEY_UISupportedInterfaceOrientations_iPad = "UIInterfaceOrientationPortrait UIInterfaceOrientationPortraitUpsideDown UIInterfaceOrientationLandscapeLeft UIInterfaceOrientationLandscapeRight";
				INFOPLIST_KEY_UISupportedInterfaceOrientations_iPhone = "UIInterfaceOrientationPortrait UIInterfaceOrientationLandscapeLeft UIInterfaceOrientationLandscapeRight";
				LD_RUNPATH_SEARCH_PATHS = (
					"$(inherited)",
					"@executable_path/Frameworks",
				);
				MARKETING_VERSION = 1.0;
				PRODUCT_BUNDLE_IDENTIFIER = "Renbern.RoadMap-Instagram";
				PRODUCT_NAME = "$(TARGET_NAME)";
				SWIFT_EMIT_LOC_STRINGS = YES;
				SWIFT_VERSION = 5.0;
				TARGETED_DEVICE_FAMILY = "1,2";
			};
			name = Release;
		};
/* End XCBuildConfiguration section */

/* Begin XCConfigurationList section */
		042A550D28FDAAF100792CF6 /* Build configuration list for PBXProject "RoadMap_Instagram" */ = {
			isa = XCConfigurationList;
			buildConfigurations = (
				042A552428FDAAF300792CF6 /* Debug */,
				042A552528FDAAF300792CF6 /* Release */,
			);
			defaultConfigurationIsVisible = 0;
			defaultConfigurationName = Release;
		};
		042A552628FDAAF300792CF6 /* Build configuration list for PBXNativeTarget "RoadMap_Instagram" */ = {
			isa = XCConfigurationList;
			buildConfigurations = (
				042A552728FDAAF300792CF6 /* Debug */,
				042A552828FDAAF300792CF6 /* Release */,
			);
			defaultConfigurationIsVisible = 0;
			defaultConfigurationName = Release;
		};
/* End XCConfigurationList section */
	};
	rootObject = 042A550A28FDAAF100792CF6 /* Project object */;
}
